<?xml version="1.0" encoding="utf-8"?>
<Project ToolsVersion="4.0" xmlns="http://schemas.microsoft.com/developer/msbuild/2003">
  <ItemGroup>
    <ClCompile Include="GameL\Audio.cpp">
      <Filter>ソースファイル</Filter>
    </ClCompile>
    <ClCompile Include="GameL\DrawFont.cpp">
      <Filter>ソースファイル</Filter>
    </ClCompile>
    <ClCompile Include="GameL\DirectXDevice.cpp">
      <Filter>ソースファイル</Filter>
    </ClCompile>
    <ClCompile Include="GameL\DrawTexture.cpp">
      <Filter>ソースファイル</Filter>
    </ClCompile>
    <ClCompile Include="GameL\HitBoxManager.cpp">
      <Filter>ソースファイル</Filter>
    </ClCompile>
    <ClCompile Include="GameL\MultiThread.cpp">
      <Filter>ソースファイル</Filter>
    </ClCompile>
    <ClCompile Include="GameL\SetWindow.cpp">
      <Filter>ソースファイル</Filter>
    </ClCompile>
    <ClCompile Include="GameL\UserData.cpp">
      <Filter>ソースファイル</Filter>
    </ClCompile>
    <ClCompile Include="GameL\WinInputs.cpp">
      <Filter>ソースファイル</Filter>
    </ClCompile>
    <ClCompile Include="BackGround.cpp">
      <Filter>リソースファイル</Filter>
    </ClCompile>
    <ClCompile Include="CharaBullet.cpp">
      <Filter>リソースファイル</Filter>
    </ClCompile>
    <ClCompile Include="Csv.cpp">
      <Filter>リソースファイル</Filter>
    </ClCompile>
    <ClCompile Include="Enemy.cpp">
      <Filter>リソースファイル</Filter>
    </ClCompile>
    <ClCompile Include="EnemyBullet.cpp">
      <Filter>リソースファイル</Filter>
    </ClCompile>
    <ClCompile Include="Function.cpp">
      <Filter>リソースファイル</Filter>
    </ClCompile>
    <ClCompile Include="GameL\GameL_Main.cpp">
      <Filter>リソースファイル</Filter>
    </ClCompile>
    <ClCompile Include="GameOver.cpp">
      <Filter>リソースファイル</Filter>
    </ClCompile>
    <ClCompile Include="Hole.cpp">
      <Filter>リソースファイル</Filter>
    </ClCompile>
    <ClCompile Include="Map.cpp">
      <Filter>リソースファイル</Filter>
    </ClCompile>
    <ClCompile Include="ObjCollectionItemBig.cpp">
      <Filter>リソースファイル</Filter>
    </ClCompile>
    <ClCompile Include="ObjCollectionItemSmall.cpp">
      <Filter>リソースファイル</Filter>
    </ClCompile>
    <ClCompile Include="ObjMainChara.cpp">
      <Filter>リソースファイル</Filter>
    </ClCompile>
    <ClCompile Include="ObjStar.cpp">
      <Filter>リソースファイル</Filter>
    </ClCompile>
    <ClCompile Include="Plane.cpp">
      <Filter>リソースファイル</Filter>
    </ClCompile>
    <ClCompile Include="SceneGameOver.cpp">
      <Filter>リソースファイル</Filter>
    </ClCompile>
    <ClCompile Include="SceneMain.cpp">
      <Filter>リソースファイル</Filter>
    </ClCompile>
    <ClCompile Include="GameL\SceneManager.cpp">
      <Filter>リソースファイル</Filter>
    </ClCompile>
    <ClCompile Include="GameL\SceneObjManager.cpp">
      <Filter>リソースファイル</Filter>
    </ClCompile>
    <ClCompile Include="SceneTitle.cpp">
      <Filter>リソースファイル</Filter>
    </ClCompile>
    <ClCompile Include="Score.cpp">
      <Filter>リソースファイル</Filter>
    </ClCompile>
    <ClCompile Include="ScrollChange.cpp">
      <Filter>リソースファイル</Filter>
    </ClCompile>
    <ClCompile Include="Title.cpp">
      <Filter>リソースファイル</Filter>
    </ClCompile>
    <ClCompile Include="Vector.cpp">
      <Filter>リソースファイル</Filter>
    </ClCompile>
  </ItemGroup>
  <ItemGroup>
    <ClInclude Include="GameL\Audio.h">
      <Filter>ソースファイル</Filter>
    </ClInclude>
    <ClInclude Include="GameL\DirectXDevice.h">
      <Filter>ソースファイル</Filter>
    </ClInclude>
    <ClInclude Include="GameL\DrawFont.h">
      <Filter>ソースファイル</Filter>
    </ClInclude>
    <ClInclude Include="GameL\DrawTexture.h">
      <Filter>ソースファイル</Filter>
    </ClInclude>
    <ClInclude Include="GameL\HitBoxManager.h">
      <Filter>ソースファイル</Filter>
    </ClInclude>
    <ClInclude Include="GameL\MultiThread.h">
      <Filter>ソースファイル</Filter>
    </ClInclude>
    <ClInclude Include="GameL\SetWindow.h">
      <Filter>ソースファイル</Filter>
    </ClInclude>
    <ClInclude Include="GameL\UserData.h">
      <Filter>ソースファイル</Filter>
    </ClInclude>
    <ClInclude Include="GameL\WinInputs.h">
      <Filter>ソースファイル</Filter>
    </ClInclude>
    <ClInclude Include="BackGround.h">
      <Filter>リソースファイル</Filter>
    </ClInclude>
    <ClInclude Include="CharaBullet.h">
      <Filter>リソースファイル</Filter>
    </ClInclude>
    <ClInclude Include="Csv.h">
      <Filter>リソースファイル</Filter>
    </ClInclude>
    <ClInclude Include="Enemy.h">
      <Filter>リソースファイル</Filter>
    </ClInclude>
    <ClInclude Include="EnemyBullet.h">
      <Filter>リソースファイル</Filter>
    </ClInclude>
    <ClInclude Include="Function.h">
      <Filter>リソースファイル</Filter>
    </ClInclude>
    <ClInclude Include="GameOver.h">
      <Filter>リソースファイル</Filter>
    </ClInclude>
    <ClInclude Include="Hole.h">
      <Filter>リソースファイル</Filter>
    </ClInclude>
    <ClInclude Include="Map.h">
      <Filter>リソースファイル</Filter>
    </ClInclude>
    <ClInclude Include="ObjCollectionItemBig.h">
      <Filter>リソースファイル</Filter>
    </ClInclude>
    <ClInclude Include="ObjCollectionItemSmall.h">
      <Filter>リソースファイル</Filter>
    </ClInclude>
    <ClInclude Include="ObjMainChara.h">
      <Filter>リソースファイル</Filter>
    </ClInclude>
    <ClInclude Include="ObjStar.h">
      <Filter>リソースファイル</Filter>
    </ClInclude>
    <ClInclude Include="Plane.h">
      <Filter>リソースファイル</Filter>
    </ClInclude>
    <ClInclude Include="SceneGameOver.h">
      <Filter>リソースファイル</Filter>
    </ClInclude>
    <ClInclude Include="SceneMain.h">
      <Filter>リソースファイル</Filter>
    </ClInclude>
    <ClInclude Include="GameL\SceneManager.h">
      <Filter>リソースファイル</Filter>
    </ClInclude>
    <ClInclude Include="GameL\SceneObjManager.h">
      <Filter>リソースファイル</Filter>
    </ClInclude>
    <ClInclude Include="SceneTitle.h">
      <Filter>リソースファイル</Filter>
    </ClInclude>
    <ClInclude Include="Score.h">
      <Filter>リソースファイル</Filter>
    </ClInclude>
    <ClInclude Include="ScrollChange.h">
      <Filter>リソースファイル</Filter>
    </ClInclude>
    <ClInclude Include="Title.h">
      <Filter>リソースファイル</Filter>
    </ClInclude>
    <ClInclude Include="Vector.h">
      <Filter>リソースファイル</Filter>
    </ClInclude>
    <ClInclude Include="main.h">
      <Filter>ヘッダーファイル</Filter>
    </ClInclude>
    <ClInclude Include="GameHead.h">
      <Filter>ヘッダーファイル</Filter>
    </ClInclude>
  </ItemGroup>
  <ItemGroup>
    <Filter Include="ソースファイル">
      <UniqueIdentifier>{05048279-81d2-43fd-abd1-42647b82182d}</UniqueIdentifier>
    </Filter>
    <Filter Include="リソースファイル">
      <UniqueIdentifier>{b2f4235f-9e96-43b9-a57c-c2664cefc744}</UniqueIdentifier>
    </Filter>
    <Filter Include="ヘッダーファイル">
      <UniqueIdentifier>{33f2af4c-61c5-496c-93ce-e1145e8028cd}</UniqueIdentifier>
    </Filter>
  </ItemGroup>
  <ItemGroup>
    <FxCompile Include="GameL\Draw2DTex.hlsl">
      <Filter>ソースファイル</Filter>
    </FxCompile>
  </ItemGroup>
</Project>